
Microsoft Visual Studio Solution File, Format Version 12.00
# Visual Studio Version 17
VisualStudioVersion = 17.5.33516.290
MinimumVisualStudioVersion = 10.0.40219.1
Project("{FAE04EC0-301F-11D3-BF4B-00C04F79EFBC}") = "ASP.NET_MVC_CRUD_APP", "ASP.NET_MVC_CRUD_APP.csproj", "{3BABAE0B-8C69-4538-A6DF-CF8284C57645}"
EndProject
Global
	GlobalSection(SolutionConfigurationPlatforms) = preSolution
		Debug|Any CPU = Debug|Any CPU
		Release|Any CPU = Release|Any CPU
	EndGlobalSection
	GlobalSection(ProjectConfigurationPlatforms) = postSolution
		{3BABAE0B-8C69-4538-A6DF-CF8284C57645}.Debug|Any CPU.ActiveCfg = Debug|Any CPU
		{3BABAE0B-8C69-4538-A6DF-CF8284C57645}.Debug|Any CPU.Build.0 = Debug|Any CPU
		{3BABAE0B-8C69-4538-A6DF-CF8284C57645}.Release|Any CPU.ActiveCfg = Release|Any CPU
		{3BABAE0B-8C69-4538-A6DF-CF8284C57645}.Release|Any CPU.Build.0 = Release|Any CPU
	EndGlobalSection
	GlobalSection(SolutionProperties) = preSolution
		HideSolutionNode = FALSE
	EndGlobalSection
	GlobalSection(ExtensibilityGlobals) = postSolution
		SolutionGuid = {1DBF3DBA-9F1E-44E5-A113-EB8E2FF92CB9}
	EndGlobalSection
EndGlobal
